// !$*UTF8*$!
{
	archiveVersion = 1;
	classes = {
	};
	objectVersion = 55;
	objects = {

/* Begin PBXBuildFile section */
		24F0245B69703967E2679F6A /* Pods_ReactNativePortals.framework in Frameworks */ = {isa = PBXBuildFile; fileRef = 0529BADF230AAE24E9A25425 /* Pods_ReactNativePortals.framework */; };
		A7128A0627F7A16200DADDF3 /* PortalsReactNative.swift in Sources */ = {isa = PBXBuildFile; fileRef = F4FF95D6245B92E800C19C63 /* PortalsReactNative.swift */; };
		A7128A0727F7A16200DADDF3 /* PortalManager.m in Sources */ = {isa = PBXBuildFile; fileRef = A71289F927F79EB200DADDF3 /* PortalManager.m */; };
		A7128A0827F7A16200DADDF3 /* ReactNativePortals-Bridging-Header.h in Headers */ = {isa = PBXBuildFile; fileRef = F4FF95D5245B92E700C19C63 /* ReactNativePortals-Bridging-Header.h */; };
		A7128A0927F7A16200DADDF3 /* PortalsPubSub.m in Sources */ = {isa = PBXBuildFile; fileRef = A71289F827F79D4000DADDF3 /* PortalsPubSub.m */; };
		A7128A0A27F7A16200DADDF3 /* PortalView.m in Sources */ = {isa = PBXBuildFile; fileRef = A71289F727F79CDC00DADDF3 /* PortalView.m */; };
		A795AE1928EDEB6D0092B4B1 /* PortalsConfig.swift in Sources */ = {isa = PBXBuildFile; fileRef = A795AE1828EDEB6D0092B4B1 /* PortalsConfig.swift */; };
		A795AE1B28EDEBF20092B4B1 /* PortalsPubSub.swift in Sources */ = {isa = PBXBuildFile; fileRef = A795AE1A28EDEBF20092B4B1 /* PortalsPubSub.swift */; };
		A795AE1D28EDEC7A0092B4B1 /* PortalView.swift in Sources */ = {isa = PBXBuildFile; fileRef = A795AE1C28EDEC7A0092B4B1 /* PortalView.swift */; };
		A795AE1F28EDED0F0092B4B1 /* Portal+Dict.swift in Sources */ = {isa = PBXBuildFile; fileRef = A795AE1E28EDED0F0092B4B1 /* Portal+Dict.swift */; };
		A795AE2128EDED710092B4B1 /* LiveUpdate+Dict.swift in Sources */ = {isa = PBXBuildFile; fileRef = A795AE2028EDED710092B4B1 /* LiveUpdate+Dict.swift */; };
		A795AE2328EDEDCC0092B4B1 /* LiveUpdateManagerError+Dict.swift in Sources */ = {isa = PBXBuildFile; fileRef = A795AE2228EDEDCC0092B4B1 /* LiveUpdateManagerError+Dict.swift */; };
		A795AE2528EDEE4E0092B4B1 /* LiveUpdateManager+Async.swift in Sources */ = {isa = PBXBuildFile; fileRef = A795AE2428EDEE4E0092B4B1 /* LiveUpdateManager+Async.swift */; };
/* End PBXBuildFile section */

/* Begin PBXFileReference section */
		0529BADF230AAE24E9A25425 /* Pods_ReactNativePortals.framework */ = {isa = PBXFileReference; explicitFileType = wrapper.framework; includeInIndex = 0; path = Pods_ReactNativePortals.framework; sourceTree = BUILT_PRODUCTS_DIR; };
		A71289F727F79CDC00DADDF3 /* PortalView.m */ = {isa = PBXFileReference; lastKnownFileType = sourcecode.c.objc; path = PortalView.m; sourceTree = "<group>"; };
		A71289F827F79D4000DADDF3 /* PortalsPubSub.m */ = {isa = PBXFileReference; lastKnownFileType = sourcecode.c.objc; path = PortalsPubSub.m; sourceTree = "<group>"; };
		A71289F927F79EB200DADDF3 /* PortalManager.m */ = {isa = PBXFileReference; lastKnownFileType = sourcecode.c.objc; path = PortalManager.m; sourceTree = "<group>"; };
		A71289FF27F7A14900DADDF3 /* ReactNativePortals.framework */ = {isa = PBXFileReference; explicitFileType = wrapper.framework; includeInIndex = 0; path = ReactNativePortals.framework; sourceTree = BUILT_PRODUCTS_DIR; };
		A795AE1828EDEB6D0092B4B1 /* PortalsConfig.swift */ = {isa = PBXFileReference; lastKnownFileType = sourcecode.swift; path = PortalsConfig.swift; sourceTree = "<group>"; };
		A795AE1A28EDEBF20092B4B1 /* PortalsPubSub.swift */ = {isa = PBXFileReference; lastKnownFileType = sourcecode.swift; path = PortalsPubSub.swift; sourceTree = "<group>"; };
		A795AE1C28EDEC7A0092B4B1 /* PortalView.swift */ = {isa = PBXFileReference; lastKnownFileType = sourcecode.swift; path = PortalView.swift; sourceTree = "<group>"; };
		A795AE1E28EDED0F0092B4B1 /* Portal+Dict.swift */ = {isa = PBXFileReference; lastKnownFileType = sourcecode.swift; path = "Portal+Dict.swift"; sourceTree = "<group>"; };
		A795AE2028EDED710092B4B1 /* LiveUpdate+Dict.swift */ = {isa = PBXFileReference; lastKnownFileType = sourcecode.swift; path = "LiveUpdate+Dict.swift"; sourceTree = "<group>"; };
		A795AE2228EDEDCC0092B4B1 /* LiveUpdateManagerError+Dict.swift */ = {isa = PBXFileReference; lastKnownFileType = sourcecode.swift; path = "LiveUpdateManagerError+Dict.swift"; sourceTree = "<group>"; };
		A795AE2428EDEE4E0092B4B1 /* LiveUpdateManager+Async.swift */ = {isa = PBXFileReference; lastKnownFileType = sourcecode.swift; path = "LiveUpdateManager+Async.swift"; sourceTree = "<group>"; };
		CB9439A9444D2E97DA3B8149 /* Pods-ReactNativePortals.debug.xcconfig */ = {isa = PBXFileReference; includeInIndex = 1; lastKnownFileType = text.xcconfig; name = "Pods-ReactNativePortals.debug.xcconfig"; path = "Target Support Files/Pods-ReactNativePortals/Pods-ReactNativePortals.debug.xcconfig"; sourceTree = "<group>"; };
		F4FF95D5245B92E700C19C63 /* ReactNativePortals-Bridging-Header.h */ = {isa = PBXFileReference; lastKnownFileType = sourcecode.c.h; path = "ReactNativePortals-Bridging-Header.h"; sourceTree = "<group>"; };
		F4FF95D6245B92E800C19C63 /* PortalsReactNative.swift */ = {isa = PBXFileReference; lastKnownFileType = sourcecode.swift; path = PortalsReactNative.swift; sourceTree = "<group>"; };
		F8836E0DEEAAB66F82FCC5C9 /* Pods-ReactNativePortals.release.xcconfig */ = {isa = PBXFileReference; includeInIndex = 1; lastKnownFileType = text.xcconfig; name = "Pods-ReactNativePortals.release.xcconfig"; path = "Target Support Files/Pods-ReactNativePortals/Pods-ReactNativePortals.release.xcconfig"; sourceTree = "<group>"; };
/* End PBXFileReference section */

/* Begin PBXFrameworksBuildPhase section */
		A71289FC27F7A14900DADDF3 /* Frameworks */ = {
			isa = PBXFrameworksBuildPhase;
			buildActionMask = 2147483647;
			files = (
				24F0245B69703967E2679F6A /* Pods_ReactNativePortals.framework in Frameworks */,
			);
			runOnlyForDeploymentPostprocessing = 0;
		};
/* End PBXFrameworksBuildPhase section */

/* Begin PBXGroup section */
		134814211AA4EA7D00B7C361 /* Products */ = {
			isa = PBXGroup;
			children = (
			);
			name = Products;
			sourceTree = "<group>";
		};
		3A94B40EE7C428D3005BB0ED /* Frameworks */ = {
			isa = PBXGroup;
			children = (
				0529BADF230AAE24E9A25425 /* Pods_ReactNativePortals.framework */,
			);
			name = Frameworks;
			sourceTree = "<group>";
		};
		58B511D21A9E6C8500147676 = {
			isa = PBXGroup;
			children = (
				F4FF95D6245B92E800C19C63 /* PortalsReactNative.swift */,
				A795AE2428EDEE4E0092B4B1 /* LiveUpdateManager+Async.swift */,
				A795AE2228EDEDCC0092B4B1 /* LiveUpdateManagerError+Dict.swift */,
				A795AE2028EDED710092B4B1 /* LiveUpdate+Dict.swift */,
				A795AE1E28EDED0F0092B4B1 /* Portal+Dict.swift */,
				A795AE1C28EDEC7A0092B4B1 /* PortalView.swift */,
				A795AE1A28EDEBF20092B4B1 /* PortalsPubSub.swift */,
				A795AE1828EDEB6D0092B4B1 /* PortalsConfig.swift */,
				A71289F727F79CDC00DADDF3 /* PortalView.m */,
				A71289F927F79EB200DADDF3 /* PortalManager.m */,
				A71289F827F79D4000DADDF3 /* PortalsPubSub.m */,
				F4FF95D5245B92E700C19C63 /* ReactNativePortals-Bridging-Header.h */,
				134814211AA4EA7D00B7C361 /* Products */,
				6D8E164A6A9206E2166C7202 /* Pods */,
				A71289FF27F7A14900DADDF3 /* ReactNativePortals.framework */,
				3A94B40EE7C428D3005BB0ED /* Frameworks */,
			);
			sourceTree = "<group>";
		};
		6D8E164A6A9206E2166C7202 /* Pods */ = {
			isa = PBXGroup;
			children = (
				CB9439A9444D2E97DA3B8149 /* Pods-ReactNativePortals.debug.xcconfig */,
				F8836E0DEEAAB66F82FCC5C9 /* Pods-ReactNativePortals.release.xcconfig */,
			);
			path = Pods;
			sourceTree = "<group>";
		};
/* End PBXGroup section */

/* Begin PBXHeadersBuildPhase section */
		A71289FA27F7A14900DADDF3 /* Headers */ = {
			isa = PBXHeadersBuildPhase;
			buildActionMask = 2147483647;
			files = (
				A7128A0827F7A16200DADDF3 /* ReactNativePortals-Bridging-Header.h in Headers */,
			);
			runOnlyForDeploymentPostprocessing = 0;
		};
/* End PBXHeadersBuildPhase section */

/* Begin PBXNativeTarget section */
		A71289FE27F7A14900DADDF3 /* ReactNativePortals */ = {
			isa = PBXNativeTarget;
			buildConfigurationList = A7128A0327F7A14900DADDF3 /* Build configuration list for PBXNativeTarget "ReactNativePortals" */;
			buildPhases = (
				9634552A23ED22B440934CBE /* [CP] Check Pods Manifest.lock */,
				A71289FA27F7A14900DADDF3 /* Headers */,
				A71289FB27F7A14900DADDF3 /* Sources */,
				A71289FC27F7A14900DADDF3 /* Frameworks */,
				A71289FD27F7A14900DADDF3 /* Resources */,
			);
			buildRules = (
			);
			dependencies = (
			);
			name = ReactNativePortals;
			productName = ReactNativePortals;
			productReference = A71289FF27F7A14900DADDF3 /* ReactNativePortals.framework */;
			productType = "com.apple.product-type.framework";
		};
/* End PBXNativeTarget section */

/* Begin PBXProject section */
		58B511D31A9E6C8500147676 /* Project object */ = {
			isa = PBXProject;
			attributes = {
				LastUpgradeCheck = 1330;
				ORGANIZATIONNAME = Facebook;
				TargetAttributes = {
					A71289FE27F7A14900DADDF3 = {
						CreatedOnToolsVersion = 13.3;
					};
				};
			};
			buildConfigurationList = 58B511D61A9E6C8500147676 /* Build configuration list for PBXProject "ReactNativePortals" */;
			compatibilityVersion = "Xcode 13.0";
			developmentRegion = English;
			hasScannedForEncodings = 0;
			knownRegions = (
				English,
				en,
			);
			mainGroup = 58B511D21A9E6C8500147676;
			productRefGroup = 58B511D21A9E6C8500147676;
			projectDirPath = "";
			projectRoot = "";
			targets = (
				A71289FE27F7A14900DADDF3 /* ReactNativePortals */,
			);
		};
/* End PBXProject section */

/* Begin PBXResourcesBuildPhase section */
		A71289FD27F7A14900DADDF3 /* Resources */ = {
			isa = PBXResourcesBuildPhase;
			buildActionMask = 2147483647;
			files = (
			);
			runOnlyForDeploymentPostprocessing = 0;
		};
/* End PBXResourcesBuildPhase section */

/* Begin PBXShellScriptBuildPhase section */
		9634552A23ED22B440934CBE /* [CP] Check Pods Manifest.lock */ = {
			isa = PBXShellScriptBuildPhase;
			buildActionMask = 2147483647;
			files = (
			);
			inputFileListPaths = (
			);
			inputPaths = (
				"${PODS_PODFILE_DIR_PATH}/Podfile.lock",
				"${PODS_ROOT}/Manifest.lock",
			);
			name = "[CP] Check Pods Manifest.lock";
			outputFileListPaths = (
			);
			outputPaths = (
				"$(DERIVED_FILE_DIR)/Pods-ReactNativePortals-checkManifestLockResult.txt",
			);
			runOnlyForDeploymentPostprocessing = 0;
			shellPath = /bin/sh;
			shellScript = "diff \"${PODS_PODFILE_DIR_PATH}/Podfile.lock\" \"${PODS_ROOT}/Manifest.lock\" > /dev/null\nif [ $? != 0 ] ; then\n    # print error to STDERR\n    echo \"error: The sandbox is not in sync with the Podfile.lock. Run 'pod install' or update your CocoaPods installation.\" >&2\n    exit 1\nfi\n# This output is used by Xcode 'outputs' to avoid re-running this script phase.\necho \"SUCCESS\" > \"${SCRIPT_OUTPUT_FILE_0}\"\n";
			showEnvVarsInLog = 0;
		};
/* End PBXShellScriptBuildPhase section */

/* Begin PBXSourcesBuildPhase section */
		A71289FB27F7A14900DADDF3 /* Sources */ = {
			isa = PBXSourcesBuildPhase;
			buildActionMask = 2147483647;
			files = (
				A7128A0A27F7A16200DADDF3 /* PortalView.m in Sources */,
				A7128A0927F7A16200DADDF3 /* PortalsPubSub.m in Sources */,
				A795AE1D28EDEC7A0092B4B1 /* PortalView.swift in Sources */,
				A795AE2128EDED710092B4B1 /* LiveUpdate+Dict.swift in Sources */,
				A795AE1B28EDEBF20092B4B1 /* PortalsPubSub.swift in Sources */,
				A7128A0627F7A16200DADDF3 /* PortalsReactNative.swift in Sources */,
				A795AE1F28EDED0F0092B4B1 /* Portal+Dict.swift in Sources */,
				A795AE2328EDEDCC0092B4B1 /* LiveUpdateManagerError+Dict.swift in Sources */,
				A7128A0727F7A16200DADDF3 /* PortalManager.m in Sources */,
				A795AE1928EDEB6D0092B4B1 /* PortalsConfig.swift in Sources */,
				A795AE2528EDEE4E0092B4B1 /* LiveUpdateManager+Async.swift in Sources */,
			);
			runOnlyForDeploymentPostprocessing = 0;
		};
/* End PBXSourcesBuildPhase section */

/* Begin XCBuildConfiguration section */
		58B511ED1A9E6C8500147676 /* Debug */ = {
			isa = XCBuildConfiguration;
			buildSettings = {
				ALWAYS_SEARCH_USER_PATHS = NO;
				CLANG_ANALYZER_LOCALIZABILITY_NONLOCALIZED = YES;
				CLANG_CXX_LANGUAGE_STANDARD = "gnu++0x";
				CLANG_CXX_LIBRARY = "libc++";
				CLANG_ENABLE_MODULES = YES;
				CLANG_ENABLE_OBJC_ARC = YES;
				CLANG_WARN_BLOCK_CAPTURE_AUTORELEASING = YES;
				CLANG_WARN_BOOL_CONVERSION = YES;
				CLANG_WARN_COMMA = YES;
				CLANG_WARN_CONSTANT_CONVERSION = YES;
				CLANG_WARN_DEPRECATED_OBJC_IMPLEMENTATIONS = YES;
				CLANG_WARN_DIRECT_OBJC_ISA_USAGE = YES_ERROR;
				CLANG_WARN_EMPTY_BODY = YES;
				CLANG_WARN_ENUM_CONVERSION = YES;
				CLANG_WARN_INFINITE_RECURSION = YES;
				CLANG_WARN_INT_CONVERSION = YES;
				CLANG_WARN_NON_LITERAL_NULL_CONVERSION = YES;
				CLANG_WARN_OBJC_IMPLICIT_RETAIN_SELF = YES;
				CLANG_WARN_OBJC_LITERAL_CONVERSION = YES;
				CLANG_WARN_OBJC_ROOT_CLASS = YES_ERROR;
				CLANG_WARN_QUOTED_INCLUDE_IN_FRAMEWORK_HEADER = YES;
				CLANG_WARN_RANGE_LOOP_ANALYSIS = YES;
				CLANG_WARN_STRICT_PROTOTYPES = YES;
				CLANG_WARN_SUSPICIOUS_MOVE = YES;
				CLANG_WARN_UNREACHABLE_CODE = YES;
				CLANG_WARN__DUPLICATE_METHOD_MATCH = YES;
				COPY_PHASE_STRIP = NO;
				ENABLE_STRICT_OBJC_MSGSEND = YES;
				ENABLE_TESTABILITY = YES;
				GCC_C_LANGUAGE_STANDARD = gnu99;
				GCC_DYNAMIC_NO_PIC = NO;
				GCC_NO_COMMON_BLOCKS = YES;
				GCC_OPTIMIZATION_LEVEL = 0;
				GCC_PREPROCESSOR_DEFINITIONS = (
					"DEBUG=1",
					"$(inherited)",
				);
				GCC_SYMBOLS_PRIVATE_EXTERN = NO;
				GCC_WARN_64_TO_32_BIT_CONVERSION = YES;
				GCC_WARN_ABOUT_RETURN_TYPE = YES_ERROR;
				GCC_WARN_UNDECLARED_SELECTOR = YES;
				GCC_WARN_UNINITIALIZED_AUTOS = YES_AGGRESSIVE;
				GCC_WARN_UNUSED_FUNCTION = YES;
				GCC_WARN_UNUSED_VARIABLE = YES;
				IPHONEOS_DEPLOYMENT_TARGET = 14.0;
				MTL_ENABLE_DEBUG_INFO = YES;
				ONLY_ACTIVE_ARCH = YES;
				SDKROOT = iphoneos;
			};
			name = Debug;
		};
		58B511EE1A9E6C8500147676 /* Release */ = {
			isa = XCBuildConfiguration;
			buildSettings = {
				ALWAYS_SEARCH_USER_PATHS = NO;
				CLANG_ANALYZER_LOCALIZABILITY_NONLOCALIZED = YES;
				CLANG_CXX_LANGUAGE_STANDARD = "gnu++0x";
				CLANG_CXX_LIBRARY = "libc++";
				CLANG_ENABLE_MODULES = YES;
				CLANG_ENABLE_OBJC_ARC = YES;
				CLANG_WARN_BLOCK_CAPTURE_AUTORELEASING = YES;
				CLANG_WARN_BOOL_CONVERSION = YES;
				CLANG_WARN_COMMA = YES;
				CLANG_WARN_CONSTANT_CONVERSION = YES;
				CLANG_WARN_DEPRECATED_OBJC_IMPLEMENTATIONS = YES;
				CLANG_WARN_DIRECT_OBJC_ISA_USAGE = YES_ERROR;
				CLANG_WARN_EMPTY_BODY = YES;
				CLANG_WARN_ENUM_CONVERSION = YES;
				CLANG_WARN_INFINITE_RECURSION = YES;
				CLANG_WARN_INT_CONVERSION = YES;
				CLANG_WARN_NON_LITERAL_NULL_CONVERSION = YES;
				CLANG_WARN_OBJC_IMPLICIT_RETAIN_SELF = YES;
				CLANG_WARN_OBJC_LITERAL_CONVERSION = YES;
				CLANG_WARN_OBJC_ROOT_CLASS = YES_ERROR;
				CLANG_WARN_QUOTED_INCLUDE_IN_FRAMEWORK_HEADER = YES;
				CLANG_WARN_RANGE_LOOP_ANALYSIS = YES;
				CLANG_WARN_STRICT_PROTOTYPES = YES;
				CLANG_WARN_SUSPICIOUS_MOVE = YES;
				CLANG_WARN_UNREACHABLE_CODE = YES;
				CLANG_WARN__DUPLICATE_METHOD_MATCH = YES;
				COPY_PHASE_STRIP = YES;
				ENABLE_NS_ASSERTIONS = NO;
				ENABLE_STRICT_OBJC_MSGSEND = YES;
				GCC_C_LANGUAGE_STANDARD = gnu99;
				GCC_NO_COMMON_BLOCKS = YES;
				GCC_WARN_64_TO_32_BIT_CONVERSION = YES;
				GCC_WARN_ABOUT_RETURN_TYPE = YES_ERROR;
				GCC_WARN_UNDECLARED_SELECTOR = YES;
				GCC_WARN_UNINITIALIZED_AUTOS = YES_AGGRESSIVE;
				GCC_WARN_UNUSED_FUNCTION = YES;
				GCC_WARN_UNUSED_VARIABLE = YES;
				IPHONEOS_DEPLOYMENT_TARGET = 14.0;
				MTL_ENABLE_DEBUG_INFO = NO;
				SDKROOT = iphoneos;
				VALIDATE_PRODUCT = YES;
			};
			name = Release;
		};
		A7128A0427F7A14900DADDF3 /* Debug */ = {
			isa = XCBuildConfiguration;
			baseConfigurationReference = CB9439A9444D2E97DA3B8149 /* Pods-ReactNativePortals.debug.xcconfig */;
			buildSettings = {
				CLANG_ANALYZER_NONNULL = YES;
				CLANG_ANALYZER_NUMBER_OBJECT_CONVERSION = YES_AGGRESSIVE;
				CLANG_CXX_LANGUAGE_STANDARD = "gnu++17";
				CLANG_ENABLE_OBJC_WEAK = YES;
				CLANG_WARN_DEPRECATED_OBJC_IMPLEMENTATIONS = YES;
				CLANG_WARN_DOCUMENTATION_COMMENTS = YES;
				CLANG_WARN_OBJC_IMPLICIT_RETAIN_SELF = YES;
				CLANG_WARN_QUOTED_INCLUDE_IN_FRAMEWORK_HEADER = YES;
				CLANG_WARN_UNGUARDED_AVAILABILITY = YES_AGGRESSIVE;
				CODE_SIGN_STYLE = Automatic;
				CURRENT_PROJECT_VERSION = 1;
				DEBUG_INFORMATION_FORMAT = dwarf;
				DEFINES_MODULE = YES;
				DEVELOPMENT_TEAM = 9YN2HU59K8;
				DYLIB_COMPATIBILITY_VERSION = 1;
				DYLIB_CURRENT_VERSION = 1;
				DYLIB_INSTALL_NAME_BASE = "@rpath";
				GCC_C_LANGUAGE_STANDARD = gnu11;
				GENERATE_INFOPLIST_FILE = YES;
				INFOPLIST_KEY_NSHumanReadableCopyright = "Copyright © 2022 Facebook. All rights reserved.";
				INSTALL_PATH = "$(LOCAL_LIBRARY_DIR)/Frameworks";
				IPHONEOS_DEPLOYMENT_TARGET = 14.0;
				LD_RUNPATH_SEARCH_PATHS = (
					"$(inherited)",
					"@executable_path/Frameworks",
					"@loader_path/Frameworks",
				);
				MARKETING_VERSION = 1.0;
				MTL_ENABLE_DEBUG_INFO = INCLUDE_SOURCE;
				MTL_FAST_MATH = YES;
				PRODUCT_BUNDLE_IDENTIFIER = io.ionic.react.portals.ReactNativePortals;
				PRODUCT_NAME = "$(TARGET_NAME:c99extidentifier)";
				SKIP_INSTALL = YES;
				SUPPORTS_MACCATALYST = NO;
				SWIFT_ACTIVE_COMPILATION_CONDITIONS = DEBUG;
				SWIFT_EMIT_LOC_STRINGS = YES;
				SWIFT_OPTIMIZATION_LEVEL = "-Onone";
				SWIFT_VERSION = 5.0;
				TARGETED_DEVICE_FAMILY = "1,2";
				VERSIONING_SYSTEM = "apple-generic";
				VERSION_INFO_PREFIX = "";
			};
			name = Debug;
		};
		A7128A0527F7A14900DADDF3 /* Release */ = {
			isa = XCBuildConfiguration;
			baseConfigurationReference = F8836E0DEEAAB66F82FCC5C9 /* Pods-ReactNativePortals.release.xcconfig */;
			buildSettings = {
				CLANG_ANALYZER_NONNULL = YES;
				CLANG_ANALYZER_NUMBER_OBJECT_CONVERSION = YES_AGGRESSIVE;
				CLANG_CXX_LANGUAGE_STANDARD = "gnu++17";
				CLANG_ENABLE_OBJC_WEAK = YES;
				CLANG_WARN_DEPRECATED_OBJC_IMPLEMENTATIONS = YES;
				CLANG_WARN_DOCUMENTATION_COMMENTS = YES;
				CLANG_WARN_OBJC_IMPLICIT_RETAIN_SELF = YES;
				CLANG_WARN_QUOTED_INCLUDE_IN_FRAMEWORK_HEADER = YES;
				CLANG_WARN_UNGUARDED_AVAILABILITY = YES_AGGRESSIVE;
				CODE_SIGN_STYLE = Automatic;
				COPY_PHASE_STRIP = NO;
				CURRENT_PROJECT_VERSION = 1;
				DEBUG_INFORMATION_FORMAT = "dwarf-with-dsym";
				DEFINES_MODULE = YES;
				DEVELOPMENT_TEAM = 9YN2HU59K8;
				DYLIB_COMPATIBILITY_VERSION = 1;
				DYLIB_CURRENT_VERSION = 1;
				DYLIB_INSTALL_NAME_BASE = "@rpath";
				GCC_C_LANGUAGE_STANDARD = gnu11;
				GENERATE_INFOPLIST_FILE = YES;
				INFOPLIST_KEY_NSHumanReadableCopyright = "Copyright © 2022 Facebook. All rights reserved.";
				INSTALL_PATH = "$(LOCAL_LIBRARY_DIR)/Frameworks";
				IPHONEOS_DEPLOYMENT_TARGET = 14.0;
				LD_RUNPATH_SEARCH_PATHS = (
					"$(inherited)",
					"@executable_path/Frameworks",
					"@loader_path/Frameworks",
				);
				MARKETING_VERSION = 1.0;
				MTL_FAST_MATH = YES;
				PRODUCT_BUNDLE_IDENTIFIER = io.ionic.react.portals.ReactNativePortals;
				PRODUCT_NAME = "$(TARGET_NAME:c99extidentifier)";
				SKIP_INSTALL = YES;
				SUPPORTS_MACCATALYST = NO;
				SWIFT_COMPILATION_MODE = wholemodule;
				SWIFT_EMIT_LOC_STRINGS = YES;
				SWIFT_OPTIMIZATION_LEVEL = "-O";
				SWIFT_VERSION = 5.0;
				TARGETED_DEVICE_FAMILY = "1,2";
				VERSIONING_SYSTEM = "apple-generic";
				VERSION_INFO_PREFIX = "";
			};
			name = Release;
		};
/* End XCBuildConfiguration section */

/* Begin XCConfigurationList section */
		58B511D61A9E6C8500147676 /* Build configuration list for PBXProject "ReactNativePortals" */ = {
			isa = XCConfigurationList;
			buildConfigurations = (
				58B511ED1A9E6C8500147676 /* Debug */,
				58B511EE1A9E6C8500147676 /* Release */,
			);
			defaultConfigurationIsVisible = 0;
			defaultConfigurationName = Release;
		};
		A7128A0327F7A14900DADDF3 /* Build configuration list for PBXNativeTarget "ReactNativePortals" */ = {
			isa = XCConfigurationList;
			buildConfigurations = (
				A7128A0427F7A14900DADDF3 /* Debug */,
				A7128A0527F7A14900DADDF3 /* Release */,
			);
			defaultConfigurationIsVisible = 0;
			defaultConfigurationName = Release;
		};
/* End XCConfigurationList section */
	};
	rootObject = 58B511D31A9E6C8500147676 /* Project object */;
}
